
Microsoft Visual Studio Solution File, Format Version 12.00
# Visual Studio Version 17
VisualStudioVersion = 17.3.32929.385
MinimumVisualStudioVersion = 10.0.40219.1
Project("{9A19103F-16F7-4668-BE54-9A1E7A4F7556}") = "Decorator", "Decorator\Decorator.csproj", "{52A9CF84-D71B-4F32-9776-F9FCE0D065A3}"
EndProject
Project("{FAE04EC0-301F-11D3-BF4B-00C04F79EFBC}") = "Facade", "Facade\Facade.csproj", "{B2AD2744-EB26-489E-8C3E-A2511BC39D05}"
EndProject
Global
	GlobalSection(SolutionConfigurationPlatforms) = preSolution
		Debug|Any CPU = Debug|Any CPU
		Release|Any CPU = Release|Any CPU
	EndGlobalSection
	GlobalSection(ProjectConfigurationPlatforms) = postSolution
		{52A9CF84-D71B-4F32-9776-F9FCE0D065A3}.Debug|Any CPU.ActiveCfg = Debug|Any CPU
		{52A9CF84-D71B-4F32-9776-F9FCE0D065A3}.Debug|Any CPU.Build.0 = Debug|Any CPU
		{52A9CF84-D71B-4F32-9776-F9FCE0D065A3}.Release|Any CPU.ActiveCfg = Release|Any CPU
		{52A9CF84-D71B-4F32-9776-F9FCE0D065A3}.Release|Any CPU.Build.0 = Release|Any CPU
		{B2AD2744-EB26-489E-8C3E-A2511BC39D05}.Debug|Any CPU.ActiveCfg = Debug|Any CPU
		{B2AD2744-EB26-489E-8C3E-A2511BC39D05}.Debug|Any CPU.Build.0 = Debug|Any CPU
		{B2AD2744-EB26-489E-8C3E-A2511BC39D05}.Release|Any CPU.ActiveCfg = Release|Any CPU
		{B2AD2744-EB26-489E-8C3E-A2511BC39D05}.Release|Any CPU.Build.0 = Release|Any CPU
	EndGlobalSection
	GlobalSection(SolutionProperties) = preSolution
		HideSolutionNode = FALSE
	EndGlobalSection
	GlobalSection(ExtensibilityGlobals) = postSolution
		SolutionGuid = {B84C421B-21A7-4F7F-BF62-E634DD4CB91D}
	EndGlobalSection
EndGlobal
